lockfileVersion: '9.0'

settings:
  autoInstallPeers: true
  excludeLinksFromLockfile: false

importers:

  .:
    dependencies:
      '@anthropic-ai/sdk':
        specifier: ^0.68.0
        version: 0.68.0
      commander:
        specifier: ^11.1.0
        version: 11.1.0
      ws:
        specifier: ^8.14.2
        version: 8.18.3

packages:

  '@anthropic-ai/sdk@0.68.0':
    resolution: {integrity: sha512-SMYAmbbiprG8k1EjEPMTwaTqssDT7Ae+jxcR5kWXiqTlbwMR2AthXtscEVWOHkRfyAV5+y3PFYTJRNa3OJWIEw==}
    hasBin: true
    peerDependencies:
      zod: ^3.25.0 || ^4.0.0
    peerDependenciesMeta:
      zod:
        optional: true

  '@babel/runtime@7.28.4':
    resolution: {integrity: sha512-Q/N6JNWvIvPnLDvjlE1OUBLPQHH6l3CltCEsHIujp45zQUSSh8K+gHnaEX45yAT1nyngnINhvWtzN+Nb9D8RAQ==}
    engines: {node: '>=6.9.0'}

  commander@11.1.0:
    resolution: {integrity: sha512-yPVavfyCcRhmorC7rWlkHn15b4wDVgVmBA7kV4QVBsF7kv/9TKJAbAXVTxvTnwP8HHKjRCJDClKbciiYS7p0DQ==}
    engines: {node: '>=16'}

  json-schema-to-ts@3.1.1:
    resolution: {integrity: sha512-+DWg8jCJG2TEnpy7kOm/7/AxaYoaRbjVB4LFZLySZlWn8exGs3A4OLJR966cVvU26N7X9TWxl+Jsw7dzAqKT6g==}
    engines: {node: '>=16'}

  ts-algebra@2.0.0:
    resolution: {integrity: sha512-FPAhNPFMrkwz76P7cdjdmiShwMynZYN6SgOujD1urY4oNm80Ou9oMdmbR45LotcKOXoy7wSmHkRFE6Mxbrhefw==}

  ws@8.18.3:
    resolution: {integrity: sha512-PEIGCY5tSlUt50cqyMXfCzX+oOPqN0vuGqWzbcJ2xvnkzkq46oOpz7dQaTDBdfICb4N14+GARUDw2XV2N4tvzg==}
    engines: {node: '>=10.0.0'}
    peerDependencies:
      bufferutil: ^4.0.1
      utf-8-validate: '>=5.0.2'
    peerDependenciesMeta:
      bufferutil:
        optional: true
      utf-8-validate:
        optional: true

snapshots:

  '@anthropic-ai/sdk@0.68.0':
    dependencies:
      json-schema-to-ts: 3.1.1

  '@babel/runtime@7.28.4': {}

  commander@11.1.0: {}

  json-schema-to-ts@3.1.1:
    dependencies:
      '@babel/runtime': 7.28.4
      ts-algebra: 2.0.0

  ts-algebra@2.0.0: {}

  ws@8.18.3: {}
